
Microsoft Visual Studio Solution File, Format Version 12.00
# Visual Studio Version 17
VisualStudioVersion = 17.12.35527.113 d17.12
MinimumVisualStudioVersion = 10.0.40219.1
Project("{FAE04EC0-301F-11D3-BF4B-00C04F79EFBC}") = "Pantallas_Sistema_facturacion", "Pantallas_Sistema_facturacion.csproj", "{8A06CCFC-4DE0-4BC7-998B-7C66C07ADF1A}"
EndProject
Global
	GlobalSection(SolutionConfigurationPlatforms) = preSolution
		Debug|Any CPU = Debug|Any CPU
		Release|Any CPU = Release|Any CPU
	EndGlobalSection
	GlobalSection(ProjectConfigurationPlatforms) = postSolution
		{8A06CCFC-4DE0-4BC7-998B-7C66C07ADF1A}.Debug|Any CPU.ActiveCfg = Debug|Any CPU
		{8A06CCFC-4DE0-4BC7-998B-7C66C07ADF1A}.Debug|Any CPU.Build.0 = Debug|Any CPU
		{8A06CCFC-4DE0-4BC7-998B-7C66C07ADF1A}.Release|Any CPU.ActiveCfg = Release|Any CPU
		{8A06CCFC-4DE0-4BC7-998B-7C66C07ADF1A}.Release|Any CPU.Build.0 = Release|Any CPU
	EndGlobalSection
	GlobalSection(SolutionProperties) = preSolution
		HideSolutionNode = FALSE
	EndGlobalSection
EndGlobal
